
Microsoft Visual Studio Solution File, Format Version 12.00
#
Project("{2150E333-8FDC-42A3-9474-1A3956D46DE8}") = "src", "src", "{3B3ACE64-2470-4F87-8607-78D6B2CD9B26}"
EndProject
Project("{FAE04EC0-301F-11D3-BF4B-00C04F79EFBC}") = "UserService", "src\UserService\UserService.csproj", "{550AE086-9600-46AD-909E-52D7DF29905E}"
EndProject
Project("{FAE04EC0-301F-11D3-BF4B-00C04F79EFBC}") = "MeteorCloud.Caching", "src\MeteorCloud.Caching\MeteorCloud.Caching.csproj", "{375F3501-1227-41D4-8C23-5D07A0DA3276}"
EndProject
Project("{FAE04EC0-301F-11D3-BF4B-00C04F79EFBC}") = "MeteorCloud.Shared", "src\MeteorCloud.Shared\MeteorCloud.Shared.csproj", "{0708F8DA-610B-4CEE-8019-4329871461AB}"
EndProject
Project("{FAE04EC0-301F-11D3-BF4B-00C04F79EFBC}") = "AuthService", "src\AuthService\AuthService.csproj", "{DD5DB23A-A2D2-4E50-98CD-98A04CE02663}"
EndProject
Project("{FAE04EC0-301F-11D3-BF4B-00C04F79EFBC}") = "MeteorCloud.Communication", "src\MeteorCloud.Communication\MeteorCloud.Communication.csproj", "{820F9676-C705-4B30-9E96-C7D41279053C}"
EndProject
Project("{FAE04EC0-301F-11D3-BF4B-00C04F79EFBC}") = "MeteorCloud.Messaging", "src\MeteorCloud.Messaging\MeteorCloud.Messaging.csproj", "{301ADE3C-C801-428A-9A06-C690996BBFAE}"
EndProject
Project("{FAE04EC0-301F-11D3-BF4B-00C04F79EFBC}") = "WorkspaceService", "src\WorkspaceService\WorkspaceService.csproj", "{1028C317-1710-4CED-884F-CD1ED52AC31F}"
EndProject
Project("{FAE04EC0-301F-11D3-BF4B-00C04F79EFBC}") = "NotificationService", "src\NotificationService\NotificationService.csproj", "{327A2E67-D3B6-4831-94C8-BB945BD3A9EB}"
EndProject
Project("{FAE04EC0-301F-11D3-BF4B-00C04F79EFBC}") = "FileService", "src\FileService\FileService.csproj", "{C011F237-97F6-4C66-8E55-C2E424269D6F}"
EndProject
Project("{FAE04EC0-301F-11D3-BF4B-00C04F79EFBC}") = "MetadataService", "src\MetadataService\MetadataService.csproj", "{B171BF84-B969-4447-905A-468DB9F21BCB}"
EndProject
Project("{FAE04EC0-301F-11D3-BF4B-00C04F79EFBC}") = "AuditService", "src\AuditService\AuditService.csproj", "{E334B909-53AF-4497-BC1D-682BF2328E6A}"
EndProject
Project("{FAE04EC0-301F-11D3-BF4B-00C04F79EFBC}") = "LinkService", "src\LinkService\LinkService.csproj", "{19B3654F-7859-46F6-9E38-090D57F24675}"
EndProject
Global
	GlobalSection(SolutionConfigurationPlatforms) = preSolution
		Debug|Any CPU = Debug|Any CPU
		Release|Any CPU = Release|Any CPU
	EndGlobalSection
	GlobalSection(NestedProjects) = preSolution
		{550AE086-9600-46AD-909E-52D7DF29905E} = {3B3ACE64-2470-4F87-8607-78D6B2CD9B26}
		{375F3501-1227-41D4-8C23-5D07A0DA3276} = {3B3ACE64-2470-4F87-8607-78D6B2CD9B26}
		{0708F8DA-610B-4CEE-8019-4329871461AB} = {3B3ACE64-2470-4F87-8607-78D6B2CD9B26}
		{DD5DB23A-A2D2-4E50-98CD-98A04CE02663} = {3B3ACE64-2470-4F87-8607-78D6B2CD9B26}
		{820F9676-C705-4B30-9E96-C7D41279053C} = {3B3ACE64-2470-4F87-8607-78D6B2CD9B26}
		{301ADE3C-C801-428A-9A06-C690996BBFAE} = {3B3ACE64-2470-4F87-8607-78D6B2CD9B26}
		{1028C317-1710-4CED-884F-CD1ED52AC31F} = {3B3ACE64-2470-4F87-8607-78D6B2CD9B26}
		{327A2E67-D3B6-4831-94C8-BB945BD3A9EB} = {3B3ACE64-2470-4F87-8607-78D6B2CD9B26}
		{C011F237-97F6-4C66-8E55-C2E424269D6F} = {3B3ACE64-2470-4F87-8607-78D6B2CD9B26}
		{B171BF84-B969-4447-905A-468DB9F21BCB} = {3B3ACE64-2470-4F87-8607-78D6B2CD9B26}
		{E334B909-53AF-4497-BC1D-682BF2328E6A} = {3B3ACE64-2470-4F87-8607-78D6B2CD9B26}
		{19B3654F-7859-46F6-9E38-090D57F24675} = {3B3ACE64-2470-4F87-8607-78D6B2CD9B26}
	EndGlobalSection
	GlobalSection(ProjectConfigurationPlatforms) = postSolution
		{550AE086-9600-46AD-909E-52D7DF29905E}.Debug|Any CPU.ActiveCfg = Debug|Any CPU
		{550AE086-9600-46AD-909E-52D7DF29905E}.Debug|Any CPU.Build.0 = Debug|Any CPU
		{550AE086-9600-46AD-909E-52D7DF29905E}.Release|Any CPU.ActiveCfg = Release|Any CPU
		{550AE086-9600-46AD-909E-52D7DF29905E}.Release|Any CPU.Build.0 = Release|Any CPU
		{375F3501-1227-41D4-8C23-5D07A0DA3276}.Debug|Any CPU.ActiveCfg = Debug|Any CPU
		{375F3501-1227-41D4-8C23-5D07A0DA3276}.Debug|Any CPU.Build.0 = Debug|Any CPU
		{375F3501-1227-41D4-8C23-5D07A0DA3276}.Release|Any CPU.ActiveCfg = Release|Any CPU
		{375F3501-1227-41D4-8C23-5D07A0DA3276}.Release|Any CPU.Build.0 = Release|Any CPU
		{0708F8DA-610B-4CEE-8019-4329871461AB}.Debug|Any CPU.ActiveCfg = Debug|Any CPU
		{0708F8DA-610B-4CEE-8019-4329871461AB}.Debug|Any CPU.Build.0 = Debug|Any CPU
		{0708F8DA-610B-4CEE-8019-4329871461AB}.Release|Any CPU.ActiveCfg = Release|Any CPU
		{0708F8DA-610B-4CEE-8019-4329871461AB}.Release|Any CPU.Build.0 = Release|Any CPU
		{DD5DB23A-A2D2-4E50-98CD-98A04CE02663}.Debug|Any CPU.ActiveCfg = Debug|Any CPU
		{DD5DB23A-A2D2-4E50-98CD-98A04CE02663}.Debug|Any CPU.Build.0 = Debug|Any CPU
		{DD5DB23A-A2D2-4E50-98CD-98A04CE02663}.Release|Any CPU.ActiveCfg = Release|Any CPU
		{DD5DB23A-A2D2-4E50-98CD-98A04CE02663}.Release|Any CPU.Build.0 = Release|Any CPU
		{820F9676-C705-4B30-9E96-C7D41279053C}.Debug|Any CPU.ActiveCfg = Debug|Any CPU
		{820F9676-C705-4B30-9E96-C7D41279053C}.Debug|Any CPU.Build.0 = Debug|Any CPU
		{820F9676-C705-4B30-9E96-C7D41279053C}.Release|Any CPU.ActiveCfg = Release|Any CPU
		{820F9676-C705-4B30-9E96-C7D41279053C}.Release|Any CPU.Build.0 = Release|Any CPU
		{301ADE3C-C801-428A-9A06-C690996BBFAE}.Debug|Any CPU.ActiveCfg = Debug|Any CPU
		{301ADE3C-C801-428A-9A06-C690996BBFAE}.Debug|Any CPU.Build.0 = Debug|Any CPU
		{301ADE3C-C801-428A-9A06-C690996BBFAE}.Release|Any CPU.ActiveCfg = Release|Any CPU
		{301ADE3C-C801-428A-9A06-C690996BBFAE}.Release|Any CPU.Build.0 = Release|Any CPU
		{1028C317-1710-4CED-884F-CD1ED52AC31F}.Debug|Any CPU.ActiveCfg = Debug|Any CPU
		{1028C317-1710-4CED-884F-CD1ED52AC31F}.Debug|Any CPU.Build.0 = Debug|Any CPU
		{1028C317-1710-4CED-884F-CD1ED52AC31F}.Release|Any CPU.ActiveCfg = Release|Any CPU
		{1028C317-1710-4CED-884F-CD1ED52AC31F}.Release|Any CPU.Build.0 = Release|Any CPU
		{327A2E67-D3B6-4831-94C8-BB945BD3A9EB}.Debug|Any CPU.ActiveCfg = Debug|Any CPU
		{327A2E67-D3B6-4831-94C8-BB945BD3A9EB}.Debug|Any CPU.Build.0 = Debug|Any CPU
		{327A2E67-D3B6-4831-94C8-BB945BD3A9EB}.Release|Any CPU.ActiveCfg = Release|Any CPU
		{327A2E67-D3B6-4831-94C8-BB945BD3A9EB}.Release|Any CPU.Build.0 = Release|Any CPU
		{C011F237-97F6-4C66-8E55-C2E424269D6F}.Debug|Any CPU.ActiveCfg = Debug|Any CPU
		{C011F237-97F6-4C66-8E55-C2E424269D6F}.Debug|Any CPU.Build.0 = Debug|Any CPU
		{C011F237-97F6-4C66-8E55-C2E424269D6F}.Release|Any CPU.ActiveCfg = Release|Any CPU
		{C011F237-97F6-4C66-8E55-C2E424269D6F}.Release|Any CPU.Build.0 = Release|Any CPU
		{B171BF84-B969-4447-905A-468DB9F21BCB}.Debug|Any CPU.ActiveCfg = Debug|Any CPU
		{B171BF84-B969-4447-905A-468DB9F21BCB}.Debug|Any CPU.Build.0 = Debug|Any CPU
		{B171BF84-B969-4447-905A-468DB9F21BCB}.Release|Any CPU.ActiveCfg = Release|Any CPU
		{B171BF84-B969-4447-905A-468DB9F21BCB}.Release|Any CPU.Build.0 = Release|Any CPU
		{E334B909-53AF-4497-BC1D-682BF2328E6A}.Debug|Any CPU.ActiveCfg = Debug|Any CPU
		{E334B909-53AF-4497-BC1D-682BF2328E6A}.Debug|Any CPU.Build.0 = Debug|Any CPU
		{E334B909-53AF-4497-BC1D-682BF2328E6A}.Release|Any CPU.ActiveCfg = Release|Any CPU
		{E334B909-53AF-4497-BC1D-682BF2328E6A}.Release|Any CPU.Build.0 = Release|Any CPU
		{19B3654F-7859-46F6-9E38-090D57F24675}.Debug|Any CPU.ActiveCfg = Debug|Any CPU
		{19B3654F-7859-46F6-9E38-090D57F24675}.Debug|Any CPU.Build.0 = Debug|Any CPU
		{19B3654F-7859-46F6-9E38-090D57F24675}.Release|Any CPU.ActiveCfg = Release|Any CPU
		{19B3654F-7859-46F6-9E38-090D57F24675}.Release|Any CPU.Build.0 = Release|Any CPU
	EndGlobalSection
EndGlobal
