
Microsoft Visual Studio Solution File, Format Version 12.00
Project("{2150E333-8FDC-42A3-9474-1A3956D46DE8}") = "FileService", "FileService", "{77F7312D-598F-4363-B027-886EFD3CA109}"
EndProject
Project("{FAE04EC0-301F-11D3-BF4B-00C04F79EFBC}") = "FileService.API", "FileService.API\FileService.API.csproj", "{BD37F5CD-6ECE-42FC-9DBA-CB7F0AA49EF8}"
EndProject
Project("{2150E333-8FDC-42A3-9474-1A3956D46DE8}") = "AzureService", "AzureService", "{36471DC6-FD64-49B5-8B47-5C667F54F93B}"
EndProject
Project("{FAE04EC0-301F-11D3-BF4B-00C04F79EFBC}") = "AzureService.API", "AzureService.API\AzureService.API.csproj", "{0E90027D-37C5-4F39-8F7F-FBB43CC4EEB8}"
EndProject
Project("{FAE04EC0-301F-11D3-BF4B-00C04F79EFBC}") = "AzureService.Application", "AzureService.Application\AzureService.Application.csproj", "{CC1CD467-6BA8-45DC-8908-AD04902EE8FD}"
EndProject
Project("{FAE04EC0-301F-11D3-BF4B-00C04F79EFBC}") = "AzureService.Infrastructure", "AzureService.Infrastructure\AzureService.Infrastructure.csproj", "{4ACDBD82-FBCD-4280-8888-E16378B43310}"
EndProject
Project("{2150E333-8FDC-42A3-9474-1A3956D46DE8}") = "Messaging", "Messaging", "{85D091BB-D877-4BAB-A3AF-7F643797AE13}"
EndProject
Project("{FAE04EC0-301F-11D3-BF4B-00C04F79EFBC}") = "Messaging.Base", "Messaging.Base\Messaging.Base.csproj", "{AB774C61-2525-4889-90D1-5AA15E09AB81}"
EndProject
Project("{FAE04EC0-301F-11D3-BF4B-00C04F79EFBC}") = "FileService.Application", "FileService.Application\FileService.Application.csproj", "{B948309C-4A27-4191-AAD5-C9FE71A07640}"
EndProject
Global
	GlobalSection(SolutionConfigurationPlatforms) = preSolution
		Debug|Any CPU = Debug|Any CPU
		Release|Any CPU = Release|Any CPU
	EndGlobalSection
	GlobalSection(NestedProjects) = preSolution
		{BD37F5CD-6ECE-42FC-9DBA-CB7F0AA49EF8} = {77F7312D-598F-4363-B027-886EFD3CA109}
		{0E90027D-37C5-4F39-8F7F-FBB43CC4EEB8} = {36471DC6-FD64-49B5-8B47-5C667F54F93B}
		{CC1CD467-6BA8-45DC-8908-AD04902EE8FD} = {36471DC6-FD64-49B5-8B47-5C667F54F93B}
		{4ACDBD82-FBCD-4280-8888-E16378B43310} = {36471DC6-FD64-49B5-8B47-5C667F54F93B}
		{AB774C61-2525-4889-90D1-5AA15E09AB81} = {85D091BB-D877-4BAB-A3AF-7F643797AE13}
		{B948309C-4A27-4191-AAD5-C9FE71A07640} = {77F7312D-598F-4363-B027-886EFD3CA109}
	EndGlobalSection
	GlobalSection(ProjectConfigurationPlatforms) = postSolution
		{BD37F5CD-6ECE-42FC-9DBA-CB7F0AA49EF8}.Debug|Any CPU.ActiveCfg = Debug|Any CPU
		{BD37F5CD-6ECE-42FC-9DBA-CB7F0AA49EF8}.Debug|Any CPU.Build.0 = Debug|Any CPU
		{BD37F5CD-6ECE-42FC-9DBA-CB7F0AA49EF8}.Release|Any CPU.ActiveCfg = Release|Any CPU
		{BD37F5CD-6ECE-42FC-9DBA-CB7F0AA49EF8}.Release|Any CPU.Build.0 = Release|Any CPU
		{0E90027D-37C5-4F39-8F7F-FBB43CC4EEB8}.Debug|Any CPU.ActiveCfg = Debug|Any CPU
		{0E90027D-37C5-4F39-8F7F-FBB43CC4EEB8}.Debug|Any CPU.Build.0 = Debug|Any CPU
		{0E90027D-37C5-4F39-8F7F-FBB43CC4EEB8}.Release|Any CPU.ActiveCfg = Release|Any CPU
		{0E90027D-37C5-4F39-8F7F-FBB43CC4EEB8}.Release|Any CPU.Build.0 = Release|Any CPU
		{CC1CD467-6BA8-45DC-8908-AD04902EE8FD}.Debug|Any CPU.ActiveCfg = Debug|Any CPU
		{CC1CD467-6BA8-45DC-8908-AD04902EE8FD}.Debug|Any CPU.Build.0 = Debug|Any CPU
		{CC1CD467-6BA8-45DC-8908-AD04902EE8FD}.Release|Any CPU.ActiveCfg = Release|Any CPU
		{CC1CD467-6BA8-45DC-8908-AD04902EE8FD}.Release|Any CPU.Build.0 = Release|Any CPU
		{4ACDBD82-FBCD-4280-8888-E16378B43310}.Debug|Any CPU.ActiveCfg = Debug|Any CPU
		{4ACDBD82-FBCD-4280-8888-E16378B43310}.Debug|Any CPU.Build.0 = Debug|Any CPU
		{4ACDBD82-FBCD-4280-8888-E16378B43310}.Release|Any CPU.ActiveCfg = Release|Any CPU
		{4ACDBD82-FBCD-4280-8888-E16378B43310}.Release|Any CPU.Build.0 = Release|Any CPU
		{AB774C61-2525-4889-90D1-5AA15E09AB81}.Debug|Any CPU.ActiveCfg = Debug|Any CPU
		{AB774C61-2525-4889-90D1-5AA15E09AB81}.Debug|Any CPU.Build.0 = Debug|Any CPU
		{AB774C61-2525-4889-90D1-5AA15E09AB81}.Release|Any CPU.ActiveCfg = Release|Any CPU
		{AB774C61-2525-4889-90D1-5AA15E09AB81}.Release|Any CPU.Build.0 = Release|Any CPU
		{B948309C-4A27-4191-AAD5-C9FE71A07640}.Debug|Any CPU.ActiveCfg = Debug|Any CPU
		{B948309C-4A27-4191-AAD5-C9FE71A07640}.Debug|Any CPU.Build.0 = Debug|Any CPU
		{B948309C-4A27-4191-AAD5-C9FE71A07640}.Release|Any CPU.ActiveCfg = Release|Any CPU
		{B948309C-4A27-4191-AAD5-C9FE71A07640}.Release|Any CPU.Build.0 = Release|Any CPU
	EndGlobalSection
EndGlobal
